// !$*UTF8*$!
{
	archiveVersion = 1;
	classes = {
	};
	objectVersion = 46;
	objects = {

/* Begin PBXBuildFile section */
		688CD21D19CB4F32001E6F55 /* AppDelegate.swift in Sources */ = {isa = PBXBuildFile; fileRef = 688CD21C19CB4F32001E6F55 /* AppDelegate.swift */; };
		688CD21F19CB4F32001E6F55 /* ViewController.swift in Sources */ = {isa = PBXBuildFile; fileRef = 688CD21E19CB4F32001E6F55 /* ViewController.swift */; };
		688CD22219CB4F32001E6F55 /* Main.storyboard in Resources */ = {isa = PBXBuildFile; fileRef = 688CD22019CB4F32001E6F55 /* Main.storyboard */; };
		688CD22419CB4F32001E6F55 /* Images.xcassets in Resources */ = {isa = PBXBuildFile; fileRef = 688CD22319CB4F32001E6F55 /* Images.xcassets */; };
		688CD22719CB4F32001E6F55 /* LaunchScreen.xib in Resources */ = {isa = PBXBuildFile; fileRef = 688CD22519CB4F32001E6F55 /* LaunchScreen.xib */; };
		688CD23319CB4F33001E6F55 /* _9RedBalloonsTests.swift in Sources */ = {isa = PBXBuildFile; fileRef = 688CD23219CB4F33001E6F55 /* _9RedBalloonsTests.swift */; };
/* End PBXBuildFile section */

/* Begin PBXContainerItemProxy section */
		688CD22D19CB4F33001E6F55 /* PBXContainerItemProxy */ = {
			isa = PBXContainerItemProxy;
			containerPortal = 688CD20F19CB4F32001E6F55 /* Project object */;
			proxyType = 1;
			remoteGlobalIDString = 688CD21619CB4F32001E6F55;
			remoteInfo = 99RedBalloons;
		};
/* End PBXContainerItemProxy section */

/* Begin PBXFileReference section */
		688CD21719CB4F32001E6F55 /* 99RedBalloons.app */ = {isa = PBXFileReference; explicitFileType = wrapper.application; includeInIndex = 0; path = 99RedBalloons.app; sourceTree = BUILT_PRODUCTS_DIR; };
		688CD21B19CB4F32001E6F55 /* Info.plist */ = {isa = PBXFileReference; lastKnownFileType = text.plist.xml; path = Info.plist; sourceTree = "<group>"; };
		688CD21C19CB4F32001E6F55 /* AppDelegate.swift */ = {isa = PBXFileReference; lastKnownFileType = sourcecode.swift; path = AppDelegate.swift; sourceTree = "<group>"; };
		688CD21E19CB4F32001E6F55 /* ViewController.swift */ = {isa = PBXFileReference; lastKnownFileType = sourcecode.swift; path = ViewController.swift; sourceTree = "<group>"; };
		688CD22119CB4F32001E6F55 /* Base */ = {isa = PBXFileReference; lastKnownFileType = file.storyboard; name = Base; path = Base.lproj/Main.storyboard; sourceTree = "<group>"; };
		688CD22319CB4F32001E6F55 /* Images.xcassets */ = {isa = PBXFileReference; lastKnownFileType = folder.assetcatalog; path = Images.xcassets; sourceTree = "<group>"; };
		688CD22619CB4F32001E6F55 /* Base */ = {isa = PBXFileReference; lastKnownFileType = file.xib; name = Base; path = Base.lproj/LaunchScreen.xib; sourceTree = "<group>"; };
		688CD22C19CB4F33001E6F55 /* 99RedBalloonsTests.xctest */ = {isa = PBXFileReference; explicitFileType = wrapper.cfbundle; includeInIndex = 0; path = 99RedBalloonsTests.xctest; sourceTree = BUILT_PRODUCTS_DIR; };
		688CD23119CB4F33001E6F55 /* Info.plist */ = {isa = PBXFileReference; lastKnownFileType = text.plist.xml; path = Info.plist; sourceTree = "<group>"; };
		688CD23219CB4F33001E6F55 /* _9RedBalloonsTests.swift */ = {isa = PBXFileReference; lastKnownFileType = sourcecode.swift; path = _9RedBalloonsTests.swift; sourceTree = "<group>"; };
/* End PBXFileReference section */

/* Begin PBXFrameworksBuildPhase section */
		688CD21419CB4F32001E6F55 /* Frameworks */ = {
			isa = PBXFrameworksBuildPhase;
			buildActionMask = 2147483647;
			files = (
			);
			runOnlyForDeploymentPostprocessing = 0;
		};
		688CD22919CB4F33001E6F55 /* Frameworks */ = {
			isa = PBXFrameworksBuildPhase;
			buildActionMask = 2147483647;
			files = (
			);
			runOnlyForDeploymentPostprocessing = 0;
		};
/* End PBXFrameworksBuildPhase section */

/* Begin PBXGroup section */
		688CD20E19CB4F32001E6F55 = {
			isa = PBXGroup;
			children = (
				688CD21919CB4F32001E6F55 /* 99RedBalloons */,
				688CD22F19CB4F33001E6F55 /* 99RedBalloonsTests */,
				688CD21819CB4F32001E6F55 /* Products */,
			);
			sourceTree = "<group>";
		};
		688CD21819CB4F32001E6F55 /* Products */ = {
			isa = PBXGroup;
			children = (
				688CD21719CB4F32001E6F55 /* 99RedBalloons.app */,
				688CD22C19CB4F33001E6F55 /* 99RedBalloonsTests.xctest */,
			);
			name = Products;
			sourceTree = "<group>";
		};
		688CD21919CB4F32001E6F55 /* 99RedBalloons */ = {
			isa = PBXGroup;
			children = (
				688CD21C19CB4F32001E6F55 /* AppDelegate.swift */,
				688CD21E19CB4F32001E6F55 /* ViewController.swift */,
				688CD22019CB4F32001E6F55 /* Main.storyboard */,
				688CD22319CB4F32001E6F55 /* Images.xcassets */,
				688CD22519CB4F32001E6F55 /* LaunchScreen.xib */,
				688CD21A19CB4F32001E6F55 /* Supporting Files */,
			);
			path = 99RedBalloons;
			sourceTree = "<group>";
		};
		688CD21A19CB4F32001E6F55 /* Supporting Files */ = {
			isa = PBXGroup;
			children = (
				688CD21B19CB4F32001E6F55 /* Info.plist */,
			);
			name = "Supporting Files";
			sourceTree = "<group>";
		};
		688CD22F19CB4F33001E6F55 /* 99RedBalloonsTests */ = {
			isa = PBXGroup;
			children = (
				688CD23219CB4F33001E6F55 /* _9RedBalloonsTests.swift */,
				688CD23019CB4F33001E6F55 /* Supporting Files */,
			);
			path = 99RedBalloonsTests;
			sourceTree = "<group>";
		};
		688CD23019CB4F33001E6F55 /* Supporting Files */ = {
			isa = PBXGroup;
			children = (
				688CD23119CB4F33001E6F55 /* Info.plist */,
			);
			name = "Supporting Files";
			sourceTree = "<group>";
		};
/* End PBXGroup section */

/* Begin PBXNativeTarget section */
		688CD21619CB4F32001E6F55 /* 99RedBalloons */ = {
			isa = PBXNativeTarget;
			buildConfigurationList = 688CD23619CB4F33001E6F55 /* Build configuration list for PBXNativeTarget "99RedBalloons" */;
			buildPhases = (
				688CD21319CB4F32001E6F55 /* Sources */,
				688CD21419CB4F32001E6F55 /* Frameworks */,
				688CD21519CB4F32001E6F55 /* Resources */,
			);
			buildRules = (
			);
			dependencies = (
			);
			name = 99RedBalloons;
			productName = 99RedBalloons;
			productReference = 688CD21719CB4F32001E6F55 /* 99RedBalloons.app */;
			productType = "com.apple.product-type.application";
		};
		688CD22B19CB4F33001E6F55 /* 99RedBalloonsTests */ = {
			isa = PBXNativeTarget;
			buildConfigurationList = 688CD23919CB4F33001E6F55 /* Build configuration list for PBXNativeTarget "99RedBalloonsTests" */;
			buildPhases = (
				688CD22819CB4F33001E6F55 /* Sources */,
				688CD22919CB4F33001E6F55 /* Frameworks */,
				688CD22A19CB4F33001E6F55 /* Resources */,
			);
			buildRules = (
			);
			dependencies = (
				688CD22E19CB4F33001E6F55 /* PBXTargetDependency */,
			);
			name = 99RedBalloonsTests;
			productName = 99RedBalloonsTests;
			productReference = 688CD22C19CB4F33001E6F55 /* 99RedBalloonsTests.xctest */;
			productType = "com.apple.product-type.bundle.unit-test";
		};
/* End PBXNativeTarget section */

/* Begin PBXProject section */
		688CD20F19CB4F32001E6F55 /* Project object */ = {
			isa = PBXProject;
			attributes = {
				LastUpgradeCheck = 0600;
				ORGANIZATIONNAME = KT;
				TargetAttributes = {
					688CD21619CB4F32001E6F55 = {
						CreatedOnToolsVersion = 6.0;
					};
					688CD22B19CB4F33001E6F55 = {
						CreatedOnToolsVersion = 6.0;
						TestTargetID = 688CD21619CB4F32001E6F55;
					};
				};
			};
			buildConfigurationList = 688CD21219CB4F32001E6F55 /* Build configuration list for PBXProject "99RedBalloons" */;
			compatibilityVersion = "Xcode 3.2";
			developmentRegion = English;
			hasScannedForEncodings = 0;
			knownRegions = (
				en,
				Base,
			);
			mainGroup = 688CD20E19CB4F32001E6F55;
			productRefGroup = 688CD21819CB4F32001E6F55 /* Products */;
			projectDirPath = "";
			projectRoot = "";
			targets = (
				688CD21619CB4F32001E6F55 /* 99RedBalloons */,
				688CD22B19CB4F33001E6F55 /* 99RedBalloonsTests */,
			);
		};
/* End PBXProject section */

/* Begin PBXResourcesBuildPhase section */
		688CD21519CB4F32001E6F55 /* Resources */ = {
			isa = PBXResourcesBuildPhase;
			buildActionMask = 2147483647;
			files = (
				688CD22219CB4F32001E6F55 /* Main.storyboard in Resources */,
				688CD22719CB4F32001E6F55 /* LaunchScreen.xib in Resources */,
				688CD22419CB4F32001E6F55 /* Images.xcassets in Resources */,
			);
			runOnlyForDeploymentPostprocessing = 0;
		};
		688CD22A19CB4F33001E6F55 /* Resources */ = {
			isa = PBXResourcesBuildPhase;
			buildActionMask = 2147483647;
			files = (
			);
			runOnlyForDeploymentPostprocessing = 0;
		};
/* End PBXResourcesBuildPhase section */

/* Begin PBXSourcesBuildPhase section */
		688CD21319CB4F32001E6F55 /* Sources */ = {
			isa = PBXSourcesBuildPhase;
			buildActionMask = 2147483647;
			files = (
				688CD21F19CB4F32001E6F55 /* ViewController.swift in Sources */,
				688CD21D19CB4F32001E6F55 /* AppDelegate.swift in Sources */,
			);
			runOnlyForDeploymentPostprocessing = 0;
		};
		688CD22819CB4F33001E6F55 /* Sources */ = {
			isa = PBXSourcesBuildPhase;
			buildActionMask = 2147483647;
			files = (
				688CD23319CB4F33001E6F55 /* _9RedBalloonsTests.swift in Sources */,
			);
			runOnlyForDeploymentPostprocessing = 0;
		};
/* End PBXSourcesBuildPhase section */

/* Begin PBXTargetDependency section */
		688CD22E19CB4F33001E6F55 /* PBXTargetDependency */ = {
			isa = PBXTargetDependency;
			target = 688CD21619CB4F32001E6F55 /* 99RedBalloons */;
			targetProxy = 688CD22D19CB4F33001E6F55 /* PBXContainerItemProxy */;
		};
/* End PBXTargetDependency section */

/* Begin PBXVariantGroup section */
		688CD22019CB4F32001E6F55 /* Main.storyboard */ = {
			isa = PBXVariantGroup;
			children = (
				688CD22119CB4F32001E6F55 /* Base */,
			);
			name = Main.storyboard;
			sourceTree = "<group>";
		};
		688CD22519CB4F32001E6F55 /* LaunchScreen.xib */ = {
			isa = PBXVariantGroup;
			children = (
				688CD22619CB4F32001E6F55 /* Base */,
			);
			name = LaunchScreen.xib;
			sourceTree = "<group>";
		};
/* End PBXVariantGroup section */

/* Begin XCBuildConfiguration section */
		688CD23419CB4F33001E6F55 /* Debug */ = {
			isa = XCBuildConfiguration;
			buildSettings = {
				ALWAYS_SEARCH_USER_PATHS = NO;
				CLANG_CXX_LANGUAGE_STANDARD = "gnu++0x";
				CLANG_CXX_LIBRARY = "libc++";
				CLANG_ENABLE_MODULES = YES;
				CLANG_ENABLE_OBJC_ARC = YES;
				CLANG_WARN_BOOL_CONVERSION = YES;
				CLANG_WARN_CONSTANT_CONVERSION = YES;
				CLANG_WARN_DIRECT_OBJC_ISA_USAGE = YES_ERROR;
				CLANG_WARN_EMPTY_BODY = YES;
				CLANG_WARN_ENUM_CONVERSION = YES;
				CLANG_WARN_INT_CONVERSION = YES;
				CLANG_WARN_OBJC_ROOT_CLASS = YES_ERROR;
				CLANG_WARN_UNREACHABLE_CODE = YES;
				CLANG_WARN__DUPLICATE_METHOD_MATCH = YES;
				"CODE_SIGN_IDENTITY[sdk=iphoneos*]" = "iPhone Developer";
				COPY_PHASE_STRIP = NO;
				ENABLE_STRICT_OBJC_MSGSEND = YES;
				GCC_C_LANGUAGE_STANDARD = gnu99;
				GCC_DYNAMIC_NO_PIC = NO;
				GCC_OPTIMIZATION_LEVEL = 0;
				GCC_PREPROCESSOR_DEFINITIONS = (
					"DEBUG=1",
					"$(inherited)",
				);
				GCC_SYMBOLS_PRIVATE_EXTERN = NO;
				GCC_WARN_64_TO_32_BIT_CONVERSION = YES;
				GCC_WARN_ABOUT_RETURN_TYPE = YES_ERROR;
				GCC_WARN_UNDECLARED_SELECTOR = YES;
				GCC_WARN_UNINITIALIZED_AUTOS = YES_AGGRESSIVE;
				GCC_WARN_UNUSED_FUNCTION = YES;
				GCC_WARN_UNUSED_VARIABLE = YES;
				IPHONEOS_DEPLOYMENT_TARGET = 8.0;
				MTL_ENABLE_DEBUG_INFO = YES;
				ONLY_ACTIVE_ARCH = YES;
				SDKROOT = iphoneos;
				SWIFT_OPTIMIZATION_LEVEL = "-Onone";
			};
			name = Debug;
		};
		688CD23519CB4F33001E6F55 /* Release */ = {
			isa = XCBuildConfiguration;
			buildSettings = {
				ALWAYS_SEARCH_USER_PATHS = NO;
				CLANG_CXX_LANGUAGE_STANDARD = "gnu++0x";
				CLANG_CXX_LIBRARY = "libc++";
				CLANG_ENABLE_MODULES = YES;
				CLANG_ENABLE_OBJC_ARC = YES;
				CLANG_WARN_BOOL_CONVERSION = YES;
				CLANG_WARN_CONSTANT_CONVERSION = YES;
				CLANG_WARN_DIRECT_OBJC_ISA_USAGE = YES_ERROR;
				CLANG_WARN_EMPTY_BODY = YES;
				CLANG_WARN_ENUM_CONVERSION = YES;
				CLANG_WARN_INT_CONVERSION = YES;
				CLANG_WARN_OBJC_ROOT_CLASS = YES_ERROR;
				CLANG_WARN_UNREACHABLE_CODE = YES;
				CLANG_WARN__DUPLICATE_METHOD_MATCH = YES;
				"CODE_SIGN_IDENTITY[sdk=iphoneos*]" = "iPhone Developer";
				COPY_PHASE_STRIP = YES;
				ENABLE_NS_ASSERTIONS = NO;
				ENABLE_STRICT_OBJC_MSGSEND = YES;
				GCC_C_LANGUAGE_STANDARD = gnu99;
				GCC_WARN_64_TO_32_BIT_CONVERSION = YES;
				GCC_WARN_ABOUT_RETURN_TYPE = YES_ERROR;
				GCC_WARN_UNDECLARED_SELECTOR = YES;
				GCC_WARN_UNINITIALIZED_AUTOS = YES_AGGRESSIVE;
				GCC_WARN_UNUSED_FUNCTION = YES;
				GCC_WARN_UNUSED_VARIABLE = YES;
				IPHONEOS_DEPLOYMENT_TARGET = 8.0;
				MTL_ENABLE_DEBUG_INFO = NO;
				SDKROOT = iphoneos;
				VALIDATE_PRODUCT = YES;
			};
			name = Release;
		};
		688CD23719CB4F33001E6F55 /* Debug */ = {
			isa = XCBuildConfiguration;
			buildSettings = {
				ASSETCATALOG_COMPILER_APPICON_NAME = AppIcon;
				INFOPLIST_FILE = 99RedBalloons/Info.plist;
				LD_RUNPATH_SEARCH_PATHS = "$(inherited) @executable_path/Frameworks";
				PRODUCT_NAME = "$(TARGET_NAME)";
			};
			name = Debug;
		};
		688CD23819CB4F33001E6F55 /* Release */ = {
			isa = XCBuildConfiguration;
			buildSettings = {
				ASSETCATALOG_COMPILER_APPICON_NAME = AppIcon;
				INFOPLIST_FILE = 99RedBalloons/Info.plist;
				LD_RUNPATH_SEARCH_PATHS = "$(inherited) @executable_path/Frameworks";
				PRODUCT_NAME = "$(TARGET_NAME)";
			};
			name = Release;
		};
		688CD23A19CB4F33001E6F55 /* Debug */ = {
			isa = XCBuildConfiguration;
			buildSettings = {
				BUNDLE_LOADER = "$(TEST_HOST)";
				FRAMEWORK_SEARCH_PATHS = (
					"$(SDKROOT)/Developer/Library/Frameworks",
					"$(inherited)",
				);
				GCC_PREPROCESSOR_DEFINITIONS = (
					"DEBUG=1",
					"$(inherited)",
				);
				INFOPLIST_FILE = 99RedBalloonsTests/Info.plist;
				LD_RUNPATH_SEARCH_PATHS = "$(inherited) @executable_path/Frameworks @loader_path/Frameworks";
				PRODUCT_NAME = "$(TARGET_NAME)";
				TEST_HOST = "$(BUILT_PRODUCTS_DIR)/99RedBalloons.app/99RedBalloons";
			};
			name = Debug;
		};
		688CD23B19CB4F33001E6F55 /* Release */ = {
			isa = XCBuildConfiguration;
			buildSettings = {
				BUNDLE_LOADER = "$(TEST_HOST)";
				FRAMEWORK_SEARCH_PATHS = (
					"$(SDKROOT)/Developer/Library/Frameworks",
					"$(inherited)",
				);
				INFOPLIST_FILE = 99RedBalloonsTests/Info.plist;
				LD_RUNPATH_SEARCH_PATHS = "$(inherited) @executable_path/Frameworks @loader_path/Frameworks";
				PRODUCT_NAME = "$(TARGET_NAME)";
				TEST_HOST = "$(BUILT_PRODUCTS_DIR)/99RedBalloons.app/99RedBalloons";
			};
			name = Release;
		};
/* End XCBuildConfiguration section */

/* Begin XCConfigurationList section */
		688CD21219CB4F32001E6F55 /* Build configuration list for PBXProject "99RedBalloons" */ = {
			isa = XCConfigurationList;
			buildConfigurations = (
				688CD23419CB4F33001E6F55 /* Debug */,
				688CD23519CB4F33001E6F55 /* Release */,
			);
			defaultConfigurationIsVisible = 0;
			defaultConfigurationName = Release;
		};
		688CD23619CB4F33001E6F55 /* Build configuration list for PBXNativeTarget "99RedBalloons" */ = {
			isa = XCConfigurationList;
			buildConfigurations = (
				688CD23719CB4F33001E6F55 /* Debug */,
				688CD23819CB4F33001E6F55 /* Release */,
			);
			defaultConfigurationIsVisible = 0;
		};
		688CD23919CB4F33001E6F55 /* Build configuration list for PBXNativeTarget "99RedBalloonsTests" */ = {
			isa = XCConfigurationList;
			buildConfigurations = (
				688CD23A19CB4F33001E6F55 /* Debug */,
				688CD23B19CB4F33001E6F55 /* Release */,
			);
			defaultConfigurationIsVisible = 0;
		};
/* End XCConfigurationList section */
	};
	rootObject = 688CD20F19CB4F32001E6F55 /* Project object */;
}
